
Microsoft Visual Studio Solution File, Format Version 12.00
# Visual Studio Version 17
VisualStudioVersion = 17.6.33815.320
MinimumVisualStudioVersion = 10.0.40219.1
Project("{FAE04EC0-301F-11D3-BF4B-00C04F79EFBC}") = "WebAppPhaseEndProject_02", "WebAppPhaseEndProject_02.csproj", "{BCE310B1-1317-4442-AF8E-9B5B862C30BB}"
EndProject
Global
	GlobalSection(SolutionConfigurationPlatforms) = preSolution
		Debug|Any CPU = Debug|Any CPU
		Release|Any CPU = Release|Any CPU
	EndGlobalSection
	GlobalSection(ProjectConfigurationPlatforms) = postSolution
		{BCE310B1-1317-4442-AF8E-9B5B862C30BB}.Debug|Any CPU.ActiveCfg = Debug|Any CPU
		{BCE310B1-1317-4442-AF8E-9B5B862C30BB}.Debug|Any CPU.Build.0 = Debug|Any CPU
		{BCE310B1-1317-4442-AF8E-9B5B862C30BB}.Release|Any CPU.ActiveCfg = Release|Any CPU
		{BCE310B1-1317-4442-AF8E-9B5B862C30BB}.Release|Any CPU.Build.0 = Release|Any CPU
	EndGlobalSection
	GlobalSection(SolutionProperties) = preSolution
		HideSolutionNode = FALSE
	EndGlobalSection
	GlobalSection(ExtensibilityGlobals) = postSolution
		SolutionGuid = {4A455AAA-BBB9-45F7-B18F-82E07E4B6E25}
	EndGlobalSection
EndGlobal
